
Microsoft Visual Studio Solution File, Format Version 12.00
# Visual Studio Version 17
VisualStudioVersion = 17.13.35825.156 d17.13
MinimumVisualStudioVersion = 10.0.40219.1
Project("{FAE04EC0-301F-11D3-BF4B-00C04F79EFBC}") = "Lesson", "Lesson.csproj", "{DCE7DF50-A326-44DB-A554-31283BBE4BDF}"
EndProject
Global
	GlobalSection(SolutionConfigurationPlatforms) = preSolution
		Debug|Any CPU = Debug|Any CPU
		Release|Any CPU = Release|Any CPU
	EndGlobalSection
	GlobalSection(ProjectConfigurationPlatforms) = postSolution
		{DCE7DF50-A326-44DB-A554-31283BBE4BDF}.Debug|Any CPU.ActiveCfg = Debug|Any CPU
		{DCE7DF50-A326-44DB-A554-31283BBE4BDF}.Debug|Any CPU.Build.0 = Debug|Any CPU
		{DCE7DF50-A326-44DB-A554-31283BBE4BDF}.Release|Any CPU.ActiveCfg = Release|Any CPU
		{DCE7DF50-A326-44DB-A554-31283BBE4BDF}.Release|Any CPU.Build.0 = Release|Any CPU
	EndGlobalSection
	GlobalSection(SolutionProperties) = preSolution
		HideSolutionNode = FALSE
	EndGlobalSection
	GlobalSection(ExtensibilityGlobals) = postSolution
		SolutionGuid = {7CE4D5F6-9AF8-4C8A-AF3C-2652E49F05D5}
	EndGlobalSection
EndGlobal
